
Microsoft Visual Studio Solution File, Format Version 12.00
# Visual Studio Version 17
VisualStudioVersion = 17.6.33723.286
MinimumVisualStudioVersion = 10.0.40219.1
Project("{9A19103F-16F7-4668-BE54-9A1E7A4F7556}") = "TMS.Core", "TMS.Core\TMS.Core.csproj", "{0031A3E8-0068-461D-9C2D-BA5C3D85C497}"
EndProject
Project("{9A19103F-16F7-4668-BE54-9A1E7A4F7556}") = "TMS.Infrastructure", "TMS.Infrastructure\TMS.Infrastructure.csproj", "{DFC9D12B-A015-4742-A119-C97DEDB5F41A}"
EndProject
Project("{9A19103F-16F7-4668-BE54-9A1E7A4F7556}") = "TMS.Services", "TMS.Services\TMS.Services.csproj", "{F2A19C04-1297-4798-8BE2-179ED4C67E6C}"
EndProject
Project("{9A19103F-16F7-4668-BE54-9A1E7A4F7556}") = "TMS.API", "TMS.API\TMS.API.csproj", "{4945B53D-7F23-4A37-89F7-E3D0F436A69E}"
EndProject
Global
	GlobalSection(SolutionConfigurationPlatforms) = preSolution
		Debug|Any CPU = Debug|Any CPU
		Release|Any CPU = Release|Any CPU
	EndGlobalSection
	GlobalSection(ProjectConfigurationPlatforms) = postSolution
		{0031A3E8-0068-461D-9C2D-BA5C3D85C497}.Debug|Any CPU.ActiveCfg = Debug|Any CPU
		{0031A3E8-0068-461D-9C2D-BA5C3D85C497}.Debug|Any CPU.Build.0 = Debug|Any CPU
		{0031A3E8-0068-461D-9C2D-BA5C3D85C497}.Release|Any CPU.ActiveCfg = Release|Any CPU
		{0031A3E8-0068-461D-9C2D-BA5C3D85C497}.Release|Any CPU.Build.0 = Release|Any CPU
		{DFC9D12B-A015-4742-A119-C97DEDB5F41A}.Debug|Any CPU.ActiveCfg = Debug|Any CPU
		{DFC9D12B-A015-4742-A119-C97DEDB5F41A}.Debug|Any CPU.Build.0 = Debug|Any CPU
		{DFC9D12B-A015-4742-A119-C97DEDB5F41A}.Release|Any CPU.ActiveCfg = Release|Any CPU
		{DFC9D12B-A015-4742-A119-C97DEDB5F41A}.Release|Any CPU.Build.0 = Release|Any CPU
		{F2A19C04-1297-4798-8BE2-179ED4C67E6C}.Debug|Any CPU.ActiveCfg = Debug|Any CPU
		{F2A19C04-1297-4798-8BE2-179ED4C67E6C}.Debug|Any CPU.Build.0 = Debug|Any CPU
		{F2A19C04-1297-4798-8BE2-179ED4C67E6C}.Release|Any CPU.ActiveCfg = Release|Any CPU
		{F2A19C04-1297-4798-8BE2-179ED4C67E6C}.Release|Any CPU.Build.0 = Release|Any CPU
		{4945B53D-7F23-4A37-89F7-E3D0F436A69E}.Debug|Any CPU.ActiveCfg = Debug|Any CPU
		{4945B53D-7F23-4A37-89F7-E3D0F436A69E}.Debug|Any CPU.Build.0 = Debug|Any CPU
		{4945B53D-7F23-4A37-89F7-E3D0F436A69E}.Release|Any CPU.ActiveCfg = Release|Any CPU
		{4945B53D-7F23-4A37-89F7-E3D0F436A69E}.Release|Any CPU.Build.0 = Release|Any CPU
	EndGlobalSection
	GlobalSection(SolutionProperties) = preSolution
		HideSolutionNode = FALSE
	EndGlobalSection
	GlobalSection(ExtensibilityGlobals) = postSolution
		SolutionGuid = {A88BBE82-E513-4787-8565-3F97703FC011}
	EndGlobalSection
EndGlobal
